// !$*UTF8*$!
{
	archiveVersion = 1;
	classes = {
	};
	objectVersion = 46;
	objects = {

/* Begin PBXBuildFile section */
		F0665756B3D669910979197F /* Pods_DeusVult.framework in Frameworks */ = {isa = PBXBuildFile; fileRef = 2984DD24907563E2C00C3B1D /* Pods_DeusVult.framework */; };
		F7452B2E1EC87C5100218A7C /* AppDelegate.swift in Sources */ = {isa = PBXBuildFile; fileRef = F7452B2D1EC87C5100218A7C /* AppDelegate.swift */; };
		F7452B301EC87C5100218A7C /* LoginViewController.swift in Sources */ = {isa = PBXBuildFile; fileRef = F7452B2F1EC87C5100218A7C /* LoginViewController.swift */; };
		F7452B331EC87C5100218A7C /* Main.storyboard in Resources */ = {isa = PBXBuildFile; fileRef = F7452B311EC87C5100218A7C /* Main.storyboard */; };
		F7452B351EC87C5100218A7C /* Assets.xcassets in Resources */ = {isa = PBXBuildFile; fileRef = F7452B341EC87C5100218A7C /* Assets.xcassets */; };
		F7452B381EC87C5100218A7C /* LaunchScreen.storyboard in Resources */ = {isa = PBXBuildFile; fileRef = F7452B361EC87C5100218A7C /* LaunchScreen.storyboard */; };
		F7452B411EC8824A00218A7C /* DeusVultButton.swift in Sources */ = {isa = PBXBuildFile; fileRef = F7452B401EC8824A00218A7C /* DeusVultButton.swift */; };
		F7452B431EC8849700218A7C /* UIColor+Extenstion.swift in Sources */ = {isa = PBXBuildFile; fileRef = F7452B421EC8849700218A7C /* UIColor+Extenstion.swift */; };
		F7452B471EC88C9300218A7C /* RealmManager.swift in Sources */ = {isa = PBXBuildFile; fileRef = F7452B461EC88C9300218A7C /* RealmManager.swift */; };
		F7452B491EC88E0100218A7C /* SoundPlayerManager.swift in Sources */ = {isa = PBXBuildFile; fileRef = F7452B481EC88E0100218A7C /* SoundPlayerManager.swift */; };
		F7452B4B1EC8988D00218A7C /* MapKit.framework in Frameworks */ = {isa = PBXBuildFile; fileRef = F7452B4A1EC8988D00218A7C /* MapKit.framework */; };
		F7452B4F1EC8A72200218A7C /* MapViewController.swift in Sources */ = {isa = PBXBuildFile; fileRef = F7452B4E1EC8A72200218A7C /* MapViewController.swift */; };
		F7452B511EC8A78700218A7C /* Run.swift in Sources */ = {isa = PBXBuildFile; fileRef = F7452B501EC8A78700218A7C /* Run.swift */; };
		F7452B531EC8A7A400218A7C /* LocationRM.swift in Sources */ = {isa = PBXBuildFile; fileRef = F7452B521EC8A7A400218A7C /* LocationRM.swift */; };
		F7452B551EC8D89200218A7C /* GameTypeViewController.swift in Sources */ = {isa = PBXBuildFile; fileRef = F7452B541EC8D89200218A7C /* GameTypeViewController.swift */; };
		F75C02F51ECE3C23001F454A /* HistoryViewController.swift in Sources */ = {isa = PBXBuildFile; fileRef = F75C02F41ECE3C23001F454A /* HistoryViewController.swift */; };
		F75C02F71ECEF7D3001F454A /* ShowRunViewController.swift in Sources */ = {isa = PBXBuildFile; fileRef = F75C02F61ECEF7D3001F454A /* ShowRunViewController.swift */; };
		F75C02F91ED0DC8A001F454A /* MulticolorPolylineSegment.swift in Sources */ = {isa = PBXBuildFile; fileRef = F75C02F81ED0DC8A001F454A /* MulticolorPolylineSegment.swift */; };
		F76E36CF1ED76CCD00C54FED /* UserStatsViewController.swift in Sources */ = {isa = PBXBuildFile; fileRef = F76E36CE1ED76CCD00C54FED /* UserStatsViewController.swift */; };
		F78AB2A41ED38B31007536C6 /* MuslimPosition.swift in Sources */ = {isa = PBXBuildFile; fileRef = F78AB2A31ED38B31007536C6 /* MuslimPosition.swift */; };
		F78AB2A71ED38DFE007536C6 /* MuslimPointAnnotation.swift in Sources */ = {isa = PBXBuildFile; fileRef = F78AB2A61ED38DFE007536C6 /* MuslimPointAnnotation.swift */; };
		F78AB2A91ED440D6007536C6 /* ItemPointAnnotation.swift in Sources */ = {isa = PBXBuildFile; fileRef = F78AB2A81ED440D6007536C6 /* ItemPointAnnotation.swift */; };
		F78DB8261EE074BF005CF378 /* success.wav in Resources */ = {isa = PBXBuildFile; fileRef = F78DB8251EE074BF005CF378 /* success.wav */; };
		F78DB82A1EE0822E005CF378 /* protector.mp3 in Resources */ = {isa = PBXBuildFile; fileRef = F78DB8291EE0822E005CF378 /* protector.mp3 */; };
		F7B6FC8C1EC8E8C000F59703 /* Helpers.swift in Sources */ = {isa = PBXBuildFile; fileRef = F7B6FC8B1EC8E8C000F59703 /* Helpers.swift */; };
		F7B6FC8E1EC8E95200F59703 /* Double+Extension.swift in Sources */ = {isa = PBXBuildFile; fileRef = F7B6FC8D1EC8E95200F59703 /* Double+Extension.swift */; };
		F7B6FC901EC9ECC500F59703 /* NewAccountViewController.swift in Sources */ = {isa = PBXBuildFile; fileRef = F7B6FC8F1EC9ECC500F59703 /* NewAccountViewController.swift */; };
		F7B6FC921EC9FE3900F59703 /* PersonalInfo.swift in Sources */ = {isa = PBXBuildFile; fileRef = F7B6FC911EC9FE3900F59703 /* PersonalInfo.swift */; };
		F7B6FC941ECA21DA00F59703 /* UserLocations.swift in Sources */ = {isa = PBXBuildFile; fileRef = F7B6FC931ECA21DA00F59703 /* UserLocations.swift */; };
		F7B6FC961ECA2E0D00F59703 /* Results + Extension.swift in Sources */ = {isa = PBXBuildFile; fileRef = F7B6FC951ECA2E0D00F59703 /* Results + Extension.swift */; };
		F7B6FC981ECB4B9000F59703 /* DeusVultPointAnnotation.swift in Sources */ = {isa = PBXBuildFile; fileRef = F7B6FC971ECB4B9000F59703 /* DeusVultPointAnnotation.swift */; };
		F7E8768D1ED5B9000074CE86 /* UserItems.swift in Sources */ = {isa = PBXBuildFile; fileRef = F7E8768C1ED5B9000074CE86 /* UserItems.swift */; };
		F7E8768F1ED5BC540074CE86 /* Users.swift in Sources */ = {isa = PBXBuildFile; fileRef = F7E8768E1ED5BC540074CE86 /* Users.swift */; };
		F7E876911ED5BCB50074CE86 /* Level.swift in Sources */ = {isa = PBXBuildFile; fileRef = F7E876901ED5BCB50074CE86 /* Level.swift */; };
/* End PBXBuildFile section */

/* Begin PBXFileReference section */
		2984DD24907563E2C00C3B1D /* Pods_DeusVult.framework */ = {isa = PBXFileReference; explicitFileType = wrapper.framework; includeInIndex = 0; path = Pods_DeusVult.framework; sourceTree = BUILT_PRODUCTS_DIR; };
		984B749AC7CFEBD8AE070DB2 /* Pods-DeusVult.release.xcconfig */ = {isa = PBXFileReference; includeInIndex = 1; lastKnownFileType = text.xcconfig; name = "Pods-DeusVult.release.xcconfig"; path = "Pods/Target Support Files/Pods-DeusVult/Pods-DeusVult.release.xcconfig"; sourceTree = "<group>"; };
		C4FFD2884768EDB0509783AE /* Pods-DeusVult.debug.xcconfig */ = {isa = PBXFileReference; includeInIndex = 1; lastKnownFileType = text.xcconfig; name = "Pods-DeusVult.debug.xcconfig"; path = "Pods/Target Support Files/Pods-DeusVult/Pods-DeusVult.debug.xcconfig"; sourceTree = "<group>"; };
		F7452B2A1EC87C5100218A7C /* DeusVult.app */ = {isa = PBXFileReference; explicitFileType = wrapper.application; includeInIndex = 0; path = DeusVult.app; sourceTree = BUILT_PRODUCTS_DIR; };
		F7452B2D1EC87C5100218A7C /* AppDelegate.swift */ = {isa = PBXFileReference; lastKnownFileType = sourcecode.swift; path = AppDelegate.swift; sourceTree = "<group>"; };
		F7452B2F1EC87C5100218A7C /* LoginViewController.swift */ = {isa = PBXFileReference; lastKnownFileType = sourcecode.swift; path = LoginViewController.swift; sourceTree = "<group>"; };
		F7452B321EC87C5100218A7C /* Base */ = {isa = PBXFileReference; lastKnownFileType = file.storyboard; name = Base; path = Base.lproj/Main.storyboard; sourceTree = "<group>"; };
		F7452B341EC87C5100218A7C /* Assets.xcassets */ = {isa = PBXFileReference; lastKnownFileType = folder.assetcatalog; path = Assets.xcassets; sourceTree = "<group>"; };
		F7452B371EC87C5100218A7C /* Base */ = {isa = PBXFileReference; lastKnownFileType = file.storyboard; name = Base; path = Base.lproj/LaunchScreen.storyboard; sourceTree = "<group>"; };
		F7452B391EC87C5100218A7C /* Info.plist */ = {isa = PBXFileReference; lastKnownFileType = text.plist.xml; path = Info.plist; sourceTree = "<group>"; };
		F7452B401EC8824A00218A7C /* DeusVultButton.swift */ = {isa = PBXFileReference; fileEncoding = 4; lastKnownFileType = sourcecode.swift; path = DeusVultButton.swift; sourceTree = "<group>"; };
		F7452B421EC8849700218A7C /* UIColor+Extenstion.swift */ = {isa = PBXFileReference; fileEncoding = 4; lastKnownFileType = sourcecode.swift; path = "UIColor+Extenstion.swift"; sourceTree = "<group>"; };
		F7452B461EC88C9300218A7C /* RealmManager.swift */ = {isa = PBXFileReference; fileEncoding = 4; lastKnownFileType = sourcecode.swift; path = RealmManager.swift; sourceTree = "<group>"; };
		F7452B481EC88E0100218A7C /* SoundPlayerManager.swift */ = {isa = PBXFileReference; fileEncoding = 4; lastKnownFileType = sourcecode.swift; path = SoundPlayerManager.swift; sourceTree = "<group>"; };
		F7452B4A1EC8988D00218A7C /* MapKit.framework */ = {isa = PBXFileReference; lastKnownFileType = wrapper.framework; name = MapKit.framework; path = System/Library/Frameworks/MapKit.framework; sourceTree = SDKROOT; };
		F7452B4E1EC8A72200218A7C /* MapViewController.swift */ = {isa = PBXFileReference; fileEncoding = 4; lastKnownFileType = sourcecode.swift; path = MapViewController.swift; sourceTree = "<group>"; };
		F7452B501EC8A78700218A7C /* Run.swift */ = {isa = PBXFileReference; fileEncoding = 4; lastKnownFileType = sourcecode.swift; path = Run.swift; sourceTree = "<group>"; };
		F7452B521EC8A7A400218A7C /* LocationRM.swift */ = {isa = PBXFileReference; fileEncoding = 4; lastKnownFileType = sourcecode.swift; path = LocationRM.swift; sourceTree = "<group>"; };
		F7452B541EC8D89200218A7C /* GameTypeViewController.swift */ = {isa = PBXFileReference; fileEncoding = 4; lastKnownFileType = sourcecode.swift; path = GameTypeViewController.swift; sourceTree = "<group>"; };
		F75C02F41ECE3C23001F454A /* HistoryViewController.swift */ = {isa = PBXFileReference; fileEncoding = 4; lastKnownFileType = sourcecode.swift; path = HistoryViewController.swift; sourceTree = "<group>"; };
		F75C02F61ECEF7D3001F454A /* ShowRunViewController.swift */ = {isa = PBXFileReference; fileEncoding = 4; lastKnownFileType = sourcecode.swift; path = ShowRunViewController.swift; sourceTree = "<group>"; };
		F75C02F81ED0DC8A001F454A /* MulticolorPolylineSegment.swift */ = {isa = PBXFileReference; fileEncoding = 4; lastKnownFileType = sourcecode.swift; path = MulticolorPolylineSegment.swift; sourceTree = "<group>"; };
		F76E36CE1ED76CCD00C54FED /* UserStatsViewController.swift */ = {isa = PBXFileReference; fileEncoding = 4; lastKnownFileType = sourcecode.swift; path = UserStatsViewController.swift; sourceTree = "<group>"; };
		F78AB2A31ED38B31007536C6 /* MuslimPosition.swift */ = {isa = PBXFileReference; fileEncoding = 4; lastKnownFileType = sourcecode.swift; path = MuslimPosition.swift; sourceTree = "<group>"; };
		F78AB2A61ED38DFE007536C6 /* MuslimPointAnnotation.swift */ = {isa = PBXFileReference; fileEncoding = 4; lastKnownFileType = sourcecode.swift; path = MuslimPointAnnotation.swift; sourceTree = "<group>"; };
		F78AB2A81ED440D6007536C6 /* ItemPointAnnotation.swift */ = {isa = PBXFileReference; fileEncoding = 4; lastKnownFileType = sourcecode.swift; path = ItemPointAnnotation.swift; sourceTree = "<group>"; };
		F78DB8251EE074BF005CF378 /* success.wav */ = {isa = PBXFileReference; lastKnownFileType = audio.wav; path = success.wav; sourceTree = "<group>"; };
		F78DB8291EE0822E005CF378 /* protector.mp3 */ = {isa = PBXFileReference; lastKnownFileType = audio.mp3; path = protector.mp3; sourceTree = "<group>"; };
		F7B6FC8B1EC8E8C000F59703 /* Helpers.swift */ = {isa = PBXFileReference; fileEncoding = 4; lastKnownFileType = sourcecode.swift; path = Helpers.swift; sourceTree = "<group>"; };
		F7B6FC8D1EC8E95200F59703 /* Double+Extension.swift */ = {isa = PBXFileReference; fileEncoding = 4; lastKnownFileType = sourcecode.swift; path = "Double+Extension.swift"; sourceTree = "<group>"; };
		F7B6FC8F1EC9ECC500F59703 /* NewAccountViewController.swift */ = {isa = PBXFileReference; fileEncoding = 4; lastKnownFileType = sourcecode.swift; path = NewAccountViewController.swift; sourceTree = "<group>"; };
		F7B6FC911EC9FE3900F59703 /* PersonalInfo.swift */ = {isa = PBXFileReference; fileEncoding = 4; lastKnownFileType = sourcecode.swift; path = PersonalInfo.swift; sourceTree = "<group>"; };
		F7B6FC931ECA21DA00F59703 /* UserLocations.swift */ = {isa = PBXFileReference; fileEncoding = 4; lastKnownFileType = sourcecode.swift; path = UserLocations.swift; sourceTree = "<group>"; };
		F7B6FC951ECA2E0D00F59703 /* Results + Extension.swift */ = {isa = PBXFileReference; fileEncoding = 4; lastKnownFileType = sourcecode.swift; path = "Results + Extension.swift"; sourceTree = "<group>"; };
		F7B6FC971ECB4B9000F59703 /* DeusVultPointAnnotation.swift */ = {isa = PBXFileReference; fileEncoding = 4; lastKnownFileType = sourcecode.swift; path = DeusVultPointAnnotation.swift; sourceTree = "<group>"; };
		F7E8768C1ED5B9000074CE86 /* UserItems.swift */ = {isa = PBXFileReference; fileEncoding = 4; lastKnownFileType = sourcecode.swift; path = UserItems.swift; sourceTree = "<group>"; };
		F7E8768E1ED5BC540074CE86 /* Users.swift */ = {isa = PBXFileReference; fileEncoding = 4; lastKnownFileType = sourcecode.swift; path = Users.swift; sourceTree = "<group>"; };
		F7E876901ED5BCB50074CE86 /* Level.swift */ = {isa = PBXFileReference; fileEncoding = 4; lastKnownFileType = sourcecode.swift; path = Level.swift; sourceTree = "<group>"; };
/* End PBXFileReference section */

/* Begin PBXFrameworksBuildPhase section */
		F7452B271EC87C5100218A7C /* Frameworks */ = {
			isa = PBXFrameworksBuildPhase;
			buildActionMask = 2147483647;
			files = (
				F7452B4B1EC8988D00218A7C /* MapKit.framework in Frameworks */,
				F0665756B3D669910979197F /* Pods_DeusVult.framework in Frameworks */,
			);
			runOnlyForDeploymentPostprocessing = 0;
		};
/* End PBXFrameworksBuildPhase section */

/* Begin PBXGroup section */
		4177976CC334BC507F12685F /* Frameworks */ = {
			isa = PBXGroup;
			children = (
				F7452B4A1EC8988D00218A7C /* MapKit.framework */,
				2984DD24907563E2C00C3B1D /* Pods_DeusVult.framework */,
			);
			name = Frameworks;
			sourceTree = "<group>";
		};
		82BA51FF800595632BEBFB31 /* Pods */ = {
			isa = PBXGroup;
			children = (
				C4FFD2884768EDB0509783AE /* Pods-DeusVult.debug.xcconfig */,
				984B749AC7CFEBD8AE070DB2 /* Pods-DeusVult.release.xcconfig */,
			);
			name = Pods;
			sourceTree = "<group>";
		};
		F7452B211EC87C5100218A7C = {
			isa = PBXGroup;
			children = (
				F7452B2C1EC87C5100218A7C /* DeusVult */,
				F7452B2B1EC87C5100218A7C /* Products */,
				82BA51FF800595632BEBFB31 /* Pods */,
				4177976CC334BC507F12685F /* Frameworks */,
			);
			sourceTree = "<group>";
		};
		F7452B2B1EC87C5100218A7C /* Products */ = {
			isa = PBXGroup;
			children = (
				F7452B2A1EC87C5100218A7C /* DeusVult.app */,
			);
			name = Products;
			sourceTree = "<group>";
		};
		F7452B2C1EC87C5100218A7C /* DeusVult */ = {
			isa = PBXGroup;
			children = (
				F7B6FC8A1EC8E8A800F59703 /* Helpers */,
				F7452B4D1EC8A6E100218A7C /* Models */,
				F7452B4C1EC8A6D800218A7C /* Controllers */,
				F7452B451EC888A200218A7C /* Managers */,
				F7452B441EC8849E00218A7C /* Extensions */,
				F7452B3F1EC8821B00218A7C /* Buttons */,
				F7452B2D1EC87C5100218A7C /* AppDelegate.swift */,
				F7452B311EC87C5100218A7C /* Main.storyboard */,
				F7452B341EC87C5100218A7C /* Assets.xcassets */,
				F7452B361EC87C5100218A7C /* LaunchScreen.storyboard */,
				F7452B391EC87C5100218A7C /* Info.plist */,
				F78DB8291EE0822E005CF378 /* protector.mp3 */,
				F78DB8251EE074BF005CF378 /* success.wav */,
			);
			path = DeusVult;
			sourceTree = "<group>";
		};
		F7452B3F1EC8821B00218A7C /* Buttons */ = {
			isa = PBXGroup;
			children = (
				F7452B401EC8824A00218A7C /* DeusVultButton.swift */,
			);
			name = Buttons;
			sourceTree = "<group>";
		};
		F7452B441EC8849E00218A7C /* Extensions */ = {
			isa = PBXGroup;
			children = (
				F7452B421EC8849700218A7C /* UIColor+Extenstion.swift */,
				F7B6FC8D1EC8E95200F59703 /* Double+Extension.swift */,
				F7B6FC951ECA2E0D00F59703 /* Results + Extension.swift */,
			);
			name = Extensions;
			sourceTree = "<group>";
		};
		F7452B451EC888A200218A7C /* Managers */ = {
			isa = PBXGroup;
			children = (
				F7452B461EC88C9300218A7C /* RealmManager.swift */,
				F7452B481EC88E0100218A7C /* SoundPlayerManager.swift */,
			);
			name = Managers;
			sourceTree = "<group>";
		};
		F7452B4C1EC8A6D800218A7C /* Controllers */ = {
			isa = PBXGroup;
			children = (
				F7452B2F1EC87C5100218A7C /* LoginViewController.swift */,
				F7452B4E1EC8A72200218A7C /* MapViewController.swift */,
				F7452B541EC8D89200218A7C /* GameTypeViewController.swift */,
				F7B6FC8F1EC9ECC500F59703 /* NewAccountViewController.swift */,
				F75C02F41ECE3C23001F454A /* HistoryViewController.swift */,
				F75C02F61ECEF7D3001F454A /* ShowRunViewController.swift */,
				F76E36CE1ED76CCD00C54FED /* UserStatsViewController.swift */,
			);
			name = Controllers;
			sourceTree = "<group>";
		};
		F7452B4D1EC8A6E100218A7C /* Models */ = {
			isa = PBXGroup;
			children = (
				F7452B501EC8A78700218A7C /* Run.swift */,
				F7452B521EC8A7A400218A7C /* LocationRM.swift */,
				F7B6FC911EC9FE3900F59703 /* PersonalInfo.swift */,
				F7B6FC931ECA21DA00F59703 /* UserLocations.swift */,
				F78AB2A31ED38B31007536C6 /* MuslimPosition.swift */,
				F7E8768C1ED5B9000074CE86 /* UserItems.swift */,
				F7E8768E1ED5BC540074CE86 /* Users.swift */,
			);
			name = Models;
			sourceTree = "<group>";
		};
		F78AB2A51ED38DD8007536C6 /* PointAnnotations */ = {
			isa = PBXGroup;
			children = (
				F7B6FC971ECB4B9000F59703 /* DeusVultPointAnnotation.swift */,
				F78AB2A61ED38DFE007536C6 /* MuslimPointAnnotation.swift */,
				F78AB2A81ED440D6007536C6 /* ItemPointAnnotation.swift */,
			);
			name = PointAnnotations;
			sourceTree = "<group>";
		};
		F7B6FC8A1EC8E8A800F59703 /* Helpers */ = {
			isa = PBXGroup;
			children = (
				F78AB2A51ED38DD8007536C6 /* PointAnnotations */,
				F7B6FC8B1EC8E8C000F59703 /* Helpers.swift */,
				F75C02F81ED0DC8A001F454A /* MulticolorPolylineSegment.swift */,
				F7E876901ED5BCB50074CE86 /* Level.swift */,
			);
			name = Helpers;
			sourceTree = "<group>";
		};
/* End PBXGroup section */

/* Begin PBXNativeTarget section */
		F7452B291EC87C5100218A7C /* DeusVult */ = {
			isa = PBXNativeTarget;
			buildConfigurationList = F7452B3C1EC87C5100218A7C /* Build configuration list for PBXNativeTarget "DeusVult" */;
			buildPhases = (
				99715CF864FE247F208728EF /* [CP] Check Pods Manifest.lock */,
				F7452B261EC87C5100218A7C /* Sources */,
				F7452B271EC87C5100218A7C /* Frameworks */,
				F7452B281EC87C5100218A7C /* Resources */,
				264951C07FD52D8827EE599C /* [CP] Embed Pods Frameworks */,
				7E154D7CF6A94FCA24F88065 /* [CP] Copy Pods Resources */,
			);
			buildRules = (
			);
			dependencies = (
			);
			name = DeusVult;
			productName = DeusVult;
			productReference = F7452B2A1EC87C5100218A7C /* DeusVult.app */;
			productType = "com.apple.product-type.application";
		};
/* End PBXNativeTarget section */

/* Begin PBXProject section */
		F7452B221EC87C5100218A7C /* Project object */ = {
			isa = PBXProject;
			attributes = {
				LastSwiftUpdateCheck = 0830;
				LastUpgradeCheck = 0830;
				ORGANIZATIONNAME = "Paweł Szudrowicz";
				TargetAttributes = {
					F7452B291EC87C5100218A7C = {
						CreatedOnToolsVersion = 8.3;
						DevelopmentTeam = 276JFTHA68;
						ProvisioningStyle = Automatic;
						SystemCapabilities = {
							com.apple.BackgroundModes = {
								enabled = 1;
							};
							com.apple.Maps.iOS = {
								enabled = 1;
							};
						};
					};
				};
			};
			buildConfigurationList = F7452B251EC87C5100218A7C /* Build configuration list for PBXProject "DeusVult" */;
			compatibilityVersion = "Xcode 3.2";
			developmentRegion = English;
			hasScannedForEncodings = 0;
			knownRegions = (
				en,
				Base,
			);
			mainGroup = F7452B211EC87C5100218A7C;
			productRefGroup = F7452B2B1EC87C5100218A7C /* Products */;
			projectDirPath = "";
			projectRoot = "";
			targets = (
				F7452B291EC87C5100218A7C /* DeusVult */,
			);
		};
/* End PBXProject section */

/* Begin PBXResourcesBuildPhase section */
		F7452B281EC87C5100218A7C /* Resources */ = {
			isa = PBXResourcesBuildPhase;
			buildActionMask = 2147483647;
			files = (
				F78DB82A1EE0822E005CF378 /* protector.mp3 in Resources */,
				F78DB8261EE074BF005CF378 /* success.wav in Resources */,
				F7452B381EC87C5100218A7C /* LaunchScreen.storyboard in Resources */,
				F7452B351EC87C5100218A7C /* Assets.xcassets in Resources */,
				F7452B331EC87C5100218A7C /* Main.storyboard in Resources */,
			);
			runOnlyForDeploymentPostprocessing = 0;
		};
/* End PBXResourcesBuildPhase section */

/* Begin PBXShellScriptBuildPhase section */
		264951C07FD52D8827EE599C /* [CP] Embed Pods Frameworks */ = {
			isa = PBXShellScriptBuildPhase;
			buildActionMask = 2147483647;
			files = (
			);
			inputPaths = (
			);
			name = "[CP] Embed Pods Frameworks";
			outputPaths = (
			);
			runOnlyForDeploymentPostprocessing = 0;
			shellPath = /bin/sh;
			shellScript = "\"${SRCROOT}/Pods/Target Support Files/Pods-DeusVult/Pods-DeusVult-frameworks.sh\"\n";
			showEnvVarsInLog = 0;
		};
		7E154D7CF6A94FCA24F88065 /* [CP] Copy Pods Resources */ = {
			isa = PBXShellScriptBuildPhase;
			buildActionMask = 2147483647;
			files = (
			);
			inputPaths = (
			);
			name = "[CP] Copy Pods Resources";
			outputPaths = (
			);
			runOnlyForDeploymentPostprocessing = 0;
			shellPath = /bin/sh;
			shellScript = "\"${SRCROOT}/Pods/Target Support Files/Pods-DeusVult/Pods-DeusVult-resources.sh\"\n";
			showEnvVarsInLog = 0;
		};
		99715CF864FE247F208728EF /* [CP] Check Pods Manifest.lock */ = {
			isa = PBXShellScriptBuildPhase;
			buildActionMask = 2147483647;
			files = (
			);
			inputPaths = (
			);
			name = "[CP] Check Pods Manifest.lock";
			outputPaths = (
			);
			runOnlyForDeploymentPostprocessing = 0;
			shellPath = /bin/sh;
			shellScript = "diff \"${PODS_ROOT}/../Podfile.lock\" \"${PODS_ROOT}/Manifest.lock\" > /dev/null\nif [ $? != 0 ] ; then\n    # print error to STDERR\n    echo \"error: The sandbox is not in sync with the Podfile.lock. Run 'pod install' or update your CocoaPods installation.\" >&2\n    exit 1\nfi\n";
			showEnvVarsInLog = 0;
		};
/* End PBXShellScriptBuildPhase section */

/* Begin PBXSourcesBuildPhase section */
		F7452B261EC87C5100218A7C /* Sources */ = {
			isa = PBXSourcesBuildPhase;
			buildActionMask = 2147483647;
			files = (
				F7E876911ED5BCB50074CE86 /* Level.swift in Sources */,
				F78AB2A41ED38B31007536C6 /* MuslimPosition.swift in Sources */,
				F7452B301EC87C5100218A7C /* LoginViewController.swift in Sources */,
				F7452B511EC8A78700218A7C /* Run.swift in Sources */,
				F7452B411EC8824A00218A7C /* DeusVultButton.swift in Sources */,
				F7452B471EC88C9300218A7C /* RealmManager.swift in Sources */,
				F75C02F71ECEF7D3001F454A /* ShowRunViewController.swift in Sources */,
				F7B6FC981ECB4B9000F59703 /* DeusVultPointAnnotation.swift in Sources */,
				F7B6FC901EC9ECC500F59703 /* NewAccountViewController.swift in Sources */,
				F7E8768D1ED5B9000074CE86 /* UserItems.swift in Sources */,
				F78AB2A91ED440D6007536C6 /* ItemPointAnnotation.swift in Sources */,
				F7B6FC8C1EC8E8C000F59703 /* Helpers.swift in Sources */,
				F7452B551EC8D89200218A7C /* GameTypeViewController.swift in Sources */,
				F7B6FC921EC9FE3900F59703 /* PersonalInfo.swift in Sources */,
				F7452B2E1EC87C5100218A7C /* AppDelegate.swift in Sources */,
				F75C02F91ED0DC8A001F454A /* MulticolorPolylineSegment.swift in Sources */,
				F7452B491EC88E0100218A7C /* SoundPlayerManager.swift in Sources */,
				F7B6FC8E1EC8E95200F59703 /* Double+Extension.swift in Sources */,
				F7452B531EC8A7A400218A7C /* LocationRM.swift in Sources */,
				F78AB2A71ED38DFE007536C6 /* MuslimPointAnnotation.swift in Sources */,
				F76E36CF1ED76CCD00C54FED /* UserStatsViewController.swift in Sources */,
				F7B6FC941ECA21DA00F59703 /* UserLocations.swift in Sources */,
				F7452B431EC8849700218A7C /* UIColor+Extenstion.swift in Sources */,
				F75C02F51ECE3C23001F454A /* HistoryViewController.swift in Sources */,
				F7B6FC961ECA2E0D00F59703 /* Results + Extension.swift in Sources */,
				F7E8768F1ED5BC540074CE86 /* Users.swift in Sources */,
				F7452B4F1EC8A72200218A7C /* MapViewController.swift in Sources */,
			);
			runOnlyForDeploymentPostprocessing = 0;
		};
/* End PBXSourcesBuildPhase section */

/* Begin PBXVariantGroup section */
		F7452B311EC87C5100218A7C /* Main.storyboard */ = {
			isa = PBXVariantGroup;
			children = (
				F7452B321EC87C5100218A7C /* Base */,
			);
			name = Main.storyboard;
			sourceTree = "<group>";
		};
		F7452B361EC87C5100218A7C /* LaunchScreen.storyboard */ = {
			isa = PBXVariantGroup;
			children = (
				F7452B371EC87C5100218A7C /* Base */,
			);
			name = LaunchScreen.storyboard;
			sourceTree = "<group>";
		};
/* End PBXVariantGroup section */

/* Begin XCBuildConfiguration section */
		F7452B3A1EC87C5100218A7C /* Debug */ = {
			isa = XCBuildConfiguration;
			buildSettings = {
				ALWAYS_SEARCH_USER_PATHS = NO;
				CLANG_ANALYZER_NONNULL = YES;
				CLANG_ANALYZER_NUMBER_OBJECT_CONVERSION = YES_AGGRESSIVE;
				CLANG_CXX_LANGUAGE_STANDARD = "gnu++0x";
				CLANG_CXX_LIBRARY = "libc++";
				CLANG_ENABLE_MODULES = YES;
				CLANG_ENABLE_OBJC_ARC = YES;
				CLANG_WARN_BOOL_CONVERSION = YES;
				CLANG_WARN_CONSTANT_CONVERSION = YES;
				CLANG_WARN_DIRECT_OBJC_ISA_USAGE = YES_ERROR;
				CLANG_WARN_DOCUMENTATION_COMMENTS = YES;
				CLANG_WARN_EMPTY_BODY = YES;
				CLANG_WARN_ENUM_CONVERSION = YES;
				CLANG_WARN_INFINITE_RECURSION = YES;
				CLANG_WARN_INT_CONVERSION = YES;
				CLANG_WARN_OBJC_ROOT_CLASS = YES_ERROR;
				CLANG_WARN_SUSPICIOUS_MOVE = YES;
				CLANG_WARN_UNREACHABLE_CODE = YES;
				CLANG_WARN__DUPLICATE_METHOD_MATCH = YES;
				"CODE_SIGN_IDENTITY[sdk=iphoneos*]" = "iPhone Developer";
				COPY_PHASE_STRIP = NO;
				DEBUG_INFORMATION_FORMAT = dwarf;
				ENABLE_STRICT_OBJC_MSGSEND = YES;
				ENABLE_TESTABILITY = YES;
				GCC_C_LANGUAGE_STANDARD = gnu99;
				GCC_DYNAMIC_NO_PIC = NO;
				GCC_NO_COMMON_BLOCKS = YES;
				GCC_OPTIMIZATION_LEVEL = 0;
				GCC_PREPROCESSOR_DEFINITIONS = (
					"DEBUG=1",
					"$(inherited)",
				);
				GCC_WARN_64_TO_32_BIT_CONVERSION = YES;
				GCC_WARN_ABOUT_RETURN_TYPE = YES_ERROR;
				GCC_WARN_UNDECLARED_SELECTOR = YES;
				GCC_WARN_UNINITIALIZED_AUTOS = YES_AGGRESSIVE;
				GCC_WARN_UNUSED_FUNCTION = YES;
				GCC_WARN_UNUSED_VARIABLE = YES;
				IPHONEOS_DEPLOYMENT_TARGET = 10.3;
				MTL_ENABLE_DEBUG_INFO = YES;
				ONLY_ACTIVE_ARCH = YES;
				SDKROOT = iphoneos;
				SWIFT_ACTIVE_COMPILATION_CONDITIONS = DEBUG;
				SWIFT_OPTIMIZATION_LEVEL = "-Onone";
			};
			name = Debug;
		};
		F7452B3B1EC87C5100218A7C /* Release */ = {
			isa = XCBuildConfiguration;
			buildSettings = {
				ALWAYS_SEARCH_USER_PATHS = NO;
				CLANG_ANALYZER_NONNULL = YES;
				CLANG_ANALYZER_NUMBER_OBJECT_CONVERSION = YES_AGGRESSIVE;
				CLANG_CXX_LANGUAGE_STANDARD = "gnu++0x";
				CLANG_CXX_LIBRARY = "libc++";
				CLANG_ENABLE_MODULES = YES;
				CLANG_ENABLE_OBJC_ARC = YES;
				CLANG_WARN_BOOL_CONVERSION = YES;
				CLANG_WARN_CONSTANT_CONVERSION = YES;
				CLANG_WARN_DIRECT_OBJC_ISA_USAGE = YES_ERROR;
				CLANG_WARN_DOCUMENTATION_COMMENTS = YES;
				CLANG_WARN_EMPTY_BODY = YES;
				CLANG_WARN_ENUM_CONVERSION = YES;
				CLANG_WARN_INFINITE_RECURSION = YES;
				CLANG_WARN_INT_CONVERSION = YES;
				CLANG_WARN_OBJC_ROOT_CLASS = YES_ERROR;
				CLANG_WARN_SUSPICIOUS_MOVE = YES;
				CLANG_WARN_UNREACHABLE_CODE = YES;
				CLANG_WARN__DUPLICATE_METHOD_MATCH = YES;
				"CODE_SIGN_IDENTITY[sdk=iphoneos*]" = "iPhone Developer";
				COPY_PHASE_STRIP = NO;
				DEBUG_INFORMATION_FORMAT = "dwarf-with-dsym";
				ENABLE_NS_ASSERTIONS = NO;
				ENABLE_STRICT_OBJC_MSGSEND = YES;
				GCC_C_LANGUAGE_STANDARD = gnu99;
				GCC_NO_COMMON_BLOCKS = YES;
				GCC_WARN_64_TO_32_BIT_CONVERSION = YES;
				GCC_WARN_ABOUT_RETURN_TYPE = YES_ERROR;
				GCC_WARN_UNDECLARED_SELECTOR = YES;
				GCC_WARN_UNINITIALIZED_AUTOS = YES_AGGRESSIVE;
				GCC_WARN_UNUSED_FUNCTION = YES;
				GCC_WARN_UNUSED_VARIABLE = YES;
				IPHONEOS_DEPLOYMENT_TARGET = 10.3;
				MTL_ENABLE_DEBUG_INFO = NO;
				SDKROOT = iphoneos;
				SWIFT_OPTIMIZATION_LEVEL = "-Owholemodule";
				VALIDATE_PRODUCT = YES;
			};
			name = Release;
		};
		F7452B3D1EC87C5100218A7C /* Debug */ = {
			isa = XCBuildConfiguration;
			baseConfigurationReference = C4FFD2884768EDB0509783AE /* Pods-DeusVult.debug.xcconfig */;
			buildSettings = {
				ASSETCATALOG_COMPILER_APPICON_NAME = AppIcon;
				DEVELOPMENT_TEAM = 276JFTHA68;
				INFOPLIST_FILE = DeusVult/Info.plist;
				IPHONEOS_DEPLOYMENT_TARGET = 10.0;
				LD_RUNPATH_SEARCH_PATHS = "$(inherited) @executable_path/Frameworks";
				PRODUCT_BUNDLE_IDENTIFIER = com.pawelszudowicz.DeusVult;
				PRODUCT_NAME = "$(TARGET_NAME)";
				SWIFT_VERSION = 3.0;
			};
			name = Debug;
		};
		F7452B3E1EC87C5100218A7C /* Release */ = {
			isa = XCBuildConfiguration;
			baseConfigurationReference = 984B749AC7CFEBD8AE070DB2 /* Pods-DeusVult.release.xcconfig */;
			buildSettings = {
				ASSETCATALOG_COMPILER_APPICON_NAME = AppIcon;
				DEVELOPMENT_TEAM = 276JFTHA68;
				INFOPLIST_FILE = DeusVult/Info.plist;
				IPHONEOS_DEPLOYMENT_TARGET = 10.0;
				LD_RUNPATH_SEARCH_PATHS = "$(inherited) @executable_path/Frameworks";
				PRODUCT_BUNDLE_IDENTIFIER = com.pawelszudowicz.DeusVult;
				PRODUCT_NAME = "$(TARGET_NAME)";
				SWIFT_VERSION = 3.0;
			};
			name = Release;
		};
/* End XCBuildConfiguration section */

/* Begin XCConfigurationList section */
		F7452B251EC87C5100218A7C /* Build configuration list for PBXProject "DeusVult" */ = {
			isa = XCConfigurationList;
			buildConfigurations = (
				F7452B3A1EC87C5100218A7C /* Debug */,
				F7452B3B1EC87C5100218A7C /* Release */,
			);
			defaultConfigurationIsVisible = 0;
			defaultConfigurationName = Release;
		};
		F7452B3C1EC87C5100218A7C /* Build configuration list for PBXNativeTarget "DeusVult" */ = {
			isa = XCConfigurationList;
			buildConfigurations = (
				F7452B3D1EC87C5100218A7C /* Debug */,
				F7452B3E1EC87C5100218A7C /* Release */,
			);
			defaultConfigurationIsVisible = 0;
			defaultConfigurationName = Release;
		};
/* End XCConfigurationList section */
	};
	rootObject = F7452B221EC87C5100218A7C /* Project object */;
}
