// !$*UTF8*$!
{
	archiveVersion = 1;
	classes = {
	};
	objectVersion = 46;
	objects = {

/* Begin PBXBuildFile section */
		F7452B2E1EC87C5100218A7C /* AppDelegate.swift in Sources */ = {isa = PBXBuildFile; fileRef = F7452B2D1EC87C5100218A7C /* AppDelegate.swift */; };
		F7452B301EC87C5100218A7C /* ViewController.swift in Sources */ = {isa = PBXBuildFile; fileRef = F7452B2F1EC87C5100218A7C /* ViewController.swift */; };
		F7452B331EC87C5100218A7C /* Main.storyboard in Resources */ = {isa = PBXBuildFile; fileRef = F7452B311EC87C5100218A7C /* Main.storyboard */; };
		F7452B351EC87C5100218A7C /* Assets.xcassets in Resources */ = {isa = PBXBuildFile; fileRef = F7452B341EC87C5100218A7C /* Assets.xcassets */; };
		F7452B381EC87C5100218A7C /* LaunchScreen.storyboard in Resources */ = {isa = PBXBuildFile; fileRef = F7452B361EC87C5100218A7C /* LaunchScreen.storyboard */; };
		F7452B411EC8824A00218A7C /* GreenButton.swift in Sources */ = {isa = PBXBuildFile; fileRef = F7452B401EC8824A00218A7C /* GreenButton.swift */; };
		F7452B431EC8849700218A7C /* UIColor+Extenstion.swift in Sources */ = {isa = PBXBuildFile; fileRef = F7452B421EC8849700218A7C /* UIColor+Extenstion.swift */; };
/* End PBXBuildFile section */

/* Begin PBXFileReference section */
		F7452B2A1EC87C5100218A7C /* DeusVult.app */ = {isa = PBXFileReference; explicitFileType = wrapper.application; includeInIndex = 0; path = DeusVult.app; sourceTree = BUILT_PRODUCTS_DIR; };
		F7452B2D1EC87C5100218A7C /* AppDelegate.swift */ = {isa = PBXFileReference; lastKnownFileType = sourcecode.swift; path = AppDelegate.swift; sourceTree = "<group>"; };
		F7452B2F1EC87C5100218A7C /* ViewController.swift */ = {isa = PBXFileReference; lastKnownFileType = sourcecode.swift; path = ViewController.swift; sourceTree = "<group>"; };
		F7452B321EC87C5100218A7C /* Base */ = {isa = PBXFileReference; lastKnownFileType = file.storyboard; name = Base; path = Base.lproj/Main.storyboard; sourceTree = "<group>"; };
		F7452B341EC87C5100218A7C /* Assets.xcassets */ = {isa = PBXFileReference; lastKnownFileType = folder.assetcatalog; path = Assets.xcassets; sourceTree = "<group>"; };
		F7452B371EC87C5100218A7C /* Base */ = {isa = PBXFileReference; lastKnownFileType = file.storyboard; name = Base; path = Base.lproj/LaunchScreen.storyboard; sourceTree = "<group>"; };
		F7452B391EC87C5100218A7C /* Info.plist */ = {isa = PBXFileReference; lastKnownFileType = text.plist.xml; path = Info.plist; sourceTree = "<group>"; };
		F7452B401EC8824A00218A7C /* GreenButton.swift */ = {isa = PBXFileReference; fileEncoding = 4; lastKnownFileType = sourcecode.swift; path = GreenButton.swift; sourceTree = "<group>"; };
		F7452B421EC8849700218A7C /* UIColor+Extenstion.swift */ = {isa = PBXFileReference; fileEncoding = 4; lastKnownFileType = sourcecode.swift; path = "UIColor+Extenstion.swift"; sourceTree = "<group>"; };
/* End PBXFileReference section */

/* Begin PBXFrameworksBuildPhase section */
		F7452B271EC87C5100218A7C /* Frameworks */ = {
			isa = PBXFrameworksBuildPhase;
			buildActionMask = 2147483647;
			files = (
			);
			runOnlyForDeploymentPostprocessing = 0;
		};
/* End PBXFrameworksBuildPhase section */

/* Begin PBXGroup section */
		F7452B211EC87C5100218A7C = {
			isa = PBXGroup;
			children = (
				F7452B2C1EC87C5100218A7C /* DeusVult */,
				F7452B2B1EC87C5100218A7C /* Products */,
			);
			sourceTree = "<group>";
		};
		F7452B2B1EC87C5100218A7C /* Products */ = {
			isa = PBXGroup;
			children = (
				F7452B2A1EC87C5100218A7C /* DeusVult.app */,
			);
			name = Products;
			sourceTree = "<group>";
		};
		F7452B2C1EC87C5100218A7C /* DeusVult */ = {
			isa = PBXGroup;
			children = (
				F7452B441EC8849E00218A7C /* Constants */,
				F7452B3F1EC8821B00218A7C /* Buttons */,
				F7452B2D1EC87C5100218A7C /* AppDelegate.swift */,
				F7452B2F1EC87C5100218A7C /* ViewController.swift */,
				F7452B311EC87C5100218A7C /* Main.storyboard */,
				F7452B341EC87C5100218A7C /* Assets.xcassets */,
				F7452B361EC87C5100218A7C /* LaunchScreen.storyboard */,
				F7452B391EC87C5100218A7C /* Info.plist */,
			);
			path = DeusVult;
			sourceTree = "<group>";
		};
		F7452B3F1EC8821B00218A7C /* Buttons */ = {
			isa = PBXGroup;
			children = (
				F7452B401EC8824A00218A7C /* GreenButton.swift */,
			);
			name = Buttons;
			sourceTree = "<group>";
		};
		F7452B441EC8849E00218A7C /* Constants */ = {
			isa = PBXGroup;
			children = (
				F7452B421EC8849700218A7C /* UIColor+Extenstion.swift */,
			);
			name = Constants;
			sourceTree = "<group>";
		};
/* End PBXGroup section */

/* Begin PBXNativeTarget section */
		F7452B291EC87C5100218A7C /* DeusVult */ = {
			isa = PBXNativeTarget;
			buildConfigurationList = F7452B3C1EC87C5100218A7C /* Build configuration list for PBXNativeTarget "DeusVult" */;
			buildPhases = (
				F7452B261EC87C5100218A7C /* Sources */,
				F7452B271EC87C5100218A7C /* Frameworks */,
				F7452B281EC87C5100218A7C /* Resources */,
			);
			buildRules = (
			);
			dependencies = (
			);
			name = DeusVult;
			productName = DeusVult;
			productReference = F7452B2A1EC87C5100218A7C /* DeusVult.app */;
			productType = "com.apple.product-type.application";
		};
/* End PBXNativeTarget section */

/* Begin PBXProject section */
		F7452B221EC87C5100218A7C /* Project object */ = {
			isa = PBXProject;
			attributes = {
				LastSwiftUpdateCheck = 0830;
				LastUpgradeCheck = 0830;
				ORGANIZATIONNAME = "Paweł Szudrowicz";
				TargetAttributes = {
					F7452B291EC87C5100218A7C = {
						CreatedOnToolsVersion = 8.3;
						DevelopmentTeam = 276JFTHA68;
						ProvisioningStyle = Automatic;
					};
				};
			};
			buildConfigurationList = F7452B251EC87C5100218A7C /* Build configuration list for PBXProject "DeusVult" */;
			compatibilityVersion = "Xcode 3.2";
			developmentRegion = English;
			hasScannedForEncodings = 0;
			knownRegions = (
				en,
				Base,
			);
			mainGroup = F7452B211EC87C5100218A7C;
			productRefGroup = F7452B2B1EC87C5100218A7C /* Products */;
			projectDirPath = "";
			projectRoot = "";
			targets = (
				F7452B291EC87C5100218A7C /* DeusVult */,
			);
		};
/* End PBXProject section */

/* Begin PBXResourcesBuildPhase section */
		F7452B281EC87C5100218A7C /* Resources */ = {
			isa = PBXResourcesBuildPhase;
			buildActionMask = 2147483647;
			files = (
				F7452B381EC87C5100218A7C /* LaunchScreen.storyboard in Resources */,
				F7452B351EC87C5100218A7C /* Assets.xcassets in Resources */,
				F7452B331EC87C5100218A7C /* Main.storyboard in Resources */,
			);
			runOnlyForDeploymentPostprocessing = 0;
		};
/* End PBXResourcesBuildPhase section */

/* Begin PBXSourcesBuildPhase section */
		F7452B261EC87C5100218A7C /* Sources */ = {
			isa = PBXSourcesBuildPhase;
			buildActionMask = 2147483647;
			files = (
				F7452B301EC87C5100218A7C /* ViewController.swift in Sources */,
				F7452B411EC8824A00218A7C /* GreenButton.swift in Sources */,
				F7452B2E1EC87C5100218A7C /* AppDelegate.swift in Sources */,
				F7452B431EC8849700218A7C /* UIColor+Extenstion.swift in Sources */,
			);
			runOnlyForDeploymentPostprocessing = 0;
		};
/* End PBXSourcesBuildPhase section */

/* Begin PBXVariantGroup section */
		F7452B311EC87C5100218A7C /* Main.storyboard */ = {
			isa = PBXVariantGroup;
			children = (
				F7452B321EC87C5100218A7C /* Base */,
			);
			name = Main.storyboard;
			sourceTree = "<group>";
		};
		F7452B361EC87C5100218A7C /* LaunchScreen.storyboard */ = {
			isa = PBXVariantGroup;
			children = (
				F7452B371EC87C5100218A7C /* Base */,
			);
			name = LaunchScreen.storyboard;
			sourceTree = "<group>";
		};
/* End PBXVariantGroup section */

/* Begin XCBuildConfiguration section */
		F7452B3A1EC87C5100218A7C /* Debug */ = {
			isa = XCBuildConfiguration;
			buildSettings = {
				ALWAYS_SEARCH_USER_PATHS = NO;
				CLANG_ANALYZER_NONNULL = YES;
				CLANG_ANALYZER_NUMBER_OBJECT_CONVERSION = YES_AGGRESSIVE;
				CLANG_CXX_LANGUAGE_STANDARD = "gnu++0x";
				CLANG_CXX_LIBRARY = "libc++";
				CLANG_ENABLE_MODULES = YES;
				CLANG_ENABLE_OBJC_ARC = YES;
				CLANG_WARN_BOOL_CONVERSION = YES;
				CLANG_WARN_CONSTANT_CONVERSION = YES;
				CLANG_WARN_DIRECT_OBJC_ISA_USAGE = YES_ERROR;
				CLANG_WARN_DOCUMENTATION_COMMENTS = YES;
				CLANG_WARN_EMPTY_BODY = YES;
				CLANG_WARN_ENUM_CONVERSION = YES;
				CLANG_WARN_INFINITE_RECURSION = YES;
				CLANG_WARN_INT_CONVERSION = YES;
				CLANG_WARN_OBJC_ROOT_CLASS = YES_ERROR;
				CLANG_WARN_SUSPICIOUS_MOVE = YES;
				CLANG_WARN_UNREACHABLE_CODE = YES;
				CLANG_WARN__DUPLICATE_METHOD_MATCH = YES;
				"CODE_SIGN_IDENTITY[sdk=iphoneos*]" = "iPhone Developer";
				COPY_PHASE_STRIP = NO;
				DEBUG_INFORMATION_FORMAT = dwarf;
				ENABLE_STRICT_OBJC_MSGSEND = YES;
				ENABLE_TESTABILITY = YES;
				GCC_C_LANGUAGE_STANDARD = gnu99;
				GCC_DYNAMIC_NO_PIC = NO;
				GCC_NO_COMMON_BLOCKS = YES;
				GCC_OPTIMIZATION_LEVEL = 0;
				GCC_PREPROCESSOR_DEFINITIONS = (
					"DEBUG=1",
					"$(inherited)",
				);
				GCC_WARN_64_TO_32_BIT_CONVERSION = YES;
				GCC_WARN_ABOUT_RETURN_TYPE = YES_ERROR;
				GCC_WARN_UNDECLARED_SELECTOR = YES;
				GCC_WARN_UNINITIALIZED_AUTOS = YES_AGGRESSIVE;
				GCC_WARN_UNUSED_FUNCTION = YES;
				GCC_WARN_UNUSED_VARIABLE = YES;
				IPHONEOS_DEPLOYMENT_TARGET = 10.3;
				MTL_ENABLE_DEBUG_INFO = YES;
				ONLY_ACTIVE_ARCH = YES;
				SDKROOT = iphoneos;
				SWIFT_ACTIVE_COMPILATION_CONDITIONS = DEBUG;
				SWIFT_OPTIMIZATION_LEVEL = "-Onone";
			};
			name = Debug;
		};
		F7452B3B1EC87C5100218A7C /* Release */ = {
			isa = XCBuildConfiguration;
			buildSettings = {
				ALWAYS_SEARCH_USER_PATHS = NO;
				CLANG_ANALYZER_NONNULL = YES;
				CLANG_ANALYZER_NUMBER_OBJECT_CONVERSION = YES_AGGRESSIVE;
				CLANG_CXX_LANGUAGE_STANDARD = "gnu++0x";
				CLANG_CXX_LIBRARY = "libc++";
				CLANG_ENABLE_MODULES = YES;
				CLANG_ENABLE_OBJC_ARC = YES;
				CLANG_WARN_BOOL_CONVERSION = YES;
				CLANG_WARN_CONSTANT_CONVERSION = YES;
				CLANG_WARN_DIRECT_OBJC_ISA_USAGE = YES_ERROR;
				CLANG_WARN_DOCUMENTATION_COMMENTS = YES;
				CLANG_WARN_EMPTY_BODY = YES;
				CLANG_WARN_ENUM_CONVERSION = YES;
				CLANG_WARN_INFINITE_RECURSION = YES;
				CLANG_WARN_INT_CONVERSION = YES;
				CLANG_WARN_OBJC_ROOT_CLASS = YES_ERROR;
				CLANG_WARN_SUSPICIOUS_MOVE = YES;
				CLANG_WARN_UNREACHABLE_CODE = YES;
				CLANG_WARN__DUPLICATE_METHOD_MATCH = YES;
				"CODE_SIGN_IDENTITY[sdk=iphoneos*]" = "iPhone Developer";
				COPY_PHASE_STRIP = NO;
				DEBUG_INFORMATION_FORMAT = "dwarf-with-dsym";
				ENABLE_NS_ASSERTIONS = NO;
				ENABLE_STRICT_OBJC_MSGSEND = YES;
				GCC_C_LANGUAGE_STANDARD = gnu99;
				GCC_NO_COMMON_BLOCKS = YES;
				GCC_WARN_64_TO_32_BIT_CONVERSION = YES;
				GCC_WARN_ABOUT_RETURN_TYPE = YES_ERROR;
				GCC_WARN_UNDECLARED_SELECTOR = YES;
				GCC_WARN_UNINITIALIZED_AUTOS = YES_AGGRESSIVE;
				GCC_WARN_UNUSED_FUNCTION = YES;
				GCC_WARN_UNUSED_VARIABLE = YES;
				IPHONEOS_DEPLOYMENT_TARGET = 10.3;
				MTL_ENABLE_DEBUG_INFO = NO;
				SDKROOT = iphoneos;
				SWIFT_OPTIMIZATION_LEVEL = "-Owholemodule";
				VALIDATE_PRODUCT = YES;
			};
			name = Release;
		};
		F7452B3D1EC87C5100218A7C /* Debug */ = {
			isa = XCBuildConfiguration;
			buildSettings = {
				ASSETCATALOG_COMPILER_APPICON_NAME = AppIcon;
				DEVELOPMENT_TEAM = 276JFTHA68;
				INFOPLIST_FILE = DeusVult/Info.plist;
				LD_RUNPATH_SEARCH_PATHS = "$(inherited) @executable_path/Frameworks";
				PRODUCT_BUNDLE_IDENTIFIER = com.pawelszudowicz.DeusVult;
				PRODUCT_NAME = "$(TARGET_NAME)";
				SWIFT_VERSION = 3.0;
			};
			name = Debug;
		};
		F7452B3E1EC87C5100218A7C /* Release */ = {
			isa = XCBuildConfiguration;
			buildSettings = {
				ASSETCATALOG_COMPILER_APPICON_NAME = AppIcon;
				DEVELOPMENT_TEAM = 276JFTHA68;
				INFOPLIST_FILE = DeusVult/Info.plist;
				LD_RUNPATH_SEARCH_PATHS = "$(inherited) @executable_path/Frameworks";
				PRODUCT_BUNDLE_IDENTIFIER = com.pawelszudowicz.DeusVult;
				PRODUCT_NAME = "$(TARGET_NAME)";
				SWIFT_VERSION = 3.0;
			};
			name = Release;
		};
/* End XCBuildConfiguration section */

/* Begin XCConfigurationList section */
		F7452B251EC87C5100218A7C /* Build configuration list for PBXProject "DeusVult" */ = {
			isa = XCConfigurationList;
			buildConfigurations = (
				F7452B3A1EC87C5100218A7C /* Debug */,
				F7452B3B1EC87C5100218A7C /* Release */,
			);
			defaultConfigurationIsVisible = 0;
			defaultConfigurationName = Release;
		};
		F7452B3C1EC87C5100218A7C /* Build configuration list for PBXNativeTarget "DeusVult" */ = {
			isa = XCConfigurationList;
			buildConfigurations = (
				F7452B3D1EC87C5100218A7C /* Debug */,
				F7452B3E1EC87C5100218A7C /* Release */,
			);
			defaultConfigurationIsVisible = 0;
		};
/* End XCConfigurationList section */
	};
	rootObject = F7452B221EC87C5100218A7C /* Project object */;
}
